
Microsoft Visual Studio Solution File, Format Version 12.00
# Visual Studio Version 17
VisualStudioVersion = 17.6.33723.286
MinimumVisualStudioVersion = 10.0.40219.1
Project("{9A19103F-16F7-4668-BE54-9A1E7A4F7556}") = "WiFi_Basics", "WiFiBasics\WiFi_Basics.csproj", "{777EF556-7FC5-4C26-890B-B62DC4687EDB}"
EndProject
Project("{2150E333-8FDC-42A3-9474-1A3956D46DE8}") = "Solution Items", "Solution Items", "{A9640CF7-6296-4844-8667-A06141196BCF}"
	ProjectSection(SolutionItems) = preProject
		README.md = README.md
	EndProjectSection
EndProject
Project("{9A19103F-16F7-4668-BE54-9A1E7A4F7556}") = "SerialPort_Echo", "SerialPort_Echo\SerialPort_Echo.csproj", "{23A50210-DCF1-47C7-8B5D-CE1812CF7BAF}"
EndProject
Project("{9A19103F-16F7-4668-BE54-9A1E7A4F7556}") = "DigitalIO", "DigitalIO\DigitalIO.csproj", "{D937FE81-5541-4EAC-B846-6FBA45C57D9B}"
EndProject
Project("{9A19103F-16F7-4668-BE54-9A1E7A4F7556}") = "MulticolorLED", "MulticolorLED\MulticolorLED.csproj", "{4E462334-ADD2-4D0E-9661-DA4C61998282}"
EndProject
Project("{9A19103F-16F7-4668-BE54-9A1E7A4F7556}") = "GPSMod", "GPSMod\GPSMod.csproj", "{13100816-C8A8-4106-B8C7-6929842D31A2}"
EndProject
Project("{FAE04EC0-301F-11D3-BF4B-00C04F79EFBC}") = "ConsoleApp1", "ConsoleApp1\ConsoleApp1.csproj", "{851A1A93-9F08-459F-955F-68F7708FBF9B}"
EndProject
Project("{FAE04EC0-301F-11D3-BF4B-00C04F79EFBC}") = "Project1", "Project1\Project1.csproj", "{A28763A3-FD26-480A-97E3-CCA5659369CB}"
EndProject
Global
	GlobalSection(SolutionConfigurationPlatforms) = preSolution
		Debug|Any CPU = Debug|Any CPU
		Release|Any CPU = Release|Any CPU
	EndGlobalSection
	GlobalSection(ProjectConfigurationPlatforms) = postSolution
		{777EF556-7FC5-4C26-890B-B62DC4687EDB}.Debug|Any CPU.ActiveCfg = Debug|Any CPU
		{777EF556-7FC5-4C26-890B-B62DC4687EDB}.Debug|Any CPU.Build.0 = Debug|Any CPU
		{777EF556-7FC5-4C26-890B-B62DC4687EDB}.Debug|Any CPU.Deploy.0 = Debug|Any CPU
		{777EF556-7FC5-4C26-890B-B62DC4687EDB}.Release|Any CPU.ActiveCfg = Release|Any CPU
		{777EF556-7FC5-4C26-890B-B62DC4687EDB}.Release|Any CPU.Build.0 = Release|Any CPU
		{777EF556-7FC5-4C26-890B-B62DC4687EDB}.Release|Any CPU.Deploy.0 = Release|Any CPU
		{23A50210-DCF1-47C7-8B5D-CE1812CF7BAF}.Debug|Any CPU.ActiveCfg = Debug|Any CPU
		{23A50210-DCF1-47C7-8B5D-CE1812CF7BAF}.Debug|Any CPU.Build.0 = Debug|Any CPU
		{23A50210-DCF1-47C7-8B5D-CE1812CF7BAF}.Debug|Any CPU.Deploy.0 = Debug|Any CPU
		{23A50210-DCF1-47C7-8B5D-CE1812CF7BAF}.Release|Any CPU.ActiveCfg = Release|Any CPU
		{23A50210-DCF1-47C7-8B5D-CE1812CF7BAF}.Release|Any CPU.Build.0 = Release|Any CPU
		{23A50210-DCF1-47C7-8B5D-CE1812CF7BAF}.Release|Any CPU.Deploy.0 = Release|Any CPU
		{D937FE81-5541-4EAC-B846-6FBA45C57D9B}.Debug|Any CPU.ActiveCfg = Debug|Any CPU
		{D937FE81-5541-4EAC-B846-6FBA45C57D9B}.Debug|Any CPU.Build.0 = Debug|Any CPU
		{D937FE81-5541-4EAC-B846-6FBA45C57D9B}.Debug|Any CPU.Deploy.0 = Debug|Any CPU
		{D937FE81-5541-4EAC-B846-6FBA45C57D9B}.Release|Any CPU.ActiveCfg = Release|Any CPU
		{D937FE81-5541-4EAC-B846-6FBA45C57D9B}.Release|Any CPU.Build.0 = Release|Any CPU
		{D937FE81-5541-4EAC-B846-6FBA45C57D9B}.Release|Any CPU.Deploy.0 = Release|Any CPU
		{4E462334-ADD2-4D0E-9661-DA4C61998282}.Debug|Any CPU.ActiveCfg = Debug|Any CPU
		{4E462334-ADD2-4D0E-9661-DA4C61998282}.Debug|Any CPU.Build.0 = Debug|Any CPU
		{4E462334-ADD2-4D0E-9661-DA4C61998282}.Debug|Any CPU.Deploy.0 = Debug|Any CPU
		{4E462334-ADD2-4D0E-9661-DA4C61998282}.Release|Any CPU.ActiveCfg = Release|Any CPU
		{4E462334-ADD2-4D0E-9661-DA4C61998282}.Release|Any CPU.Build.0 = Release|Any CPU
		{4E462334-ADD2-4D0E-9661-DA4C61998282}.Release|Any CPU.Deploy.0 = Release|Any CPU
		{13100816-C8A8-4106-B8C7-6929842D31A2}.Debug|Any CPU.ActiveCfg = Debug|Any CPU
		{13100816-C8A8-4106-B8C7-6929842D31A2}.Debug|Any CPU.Build.0 = Debug|Any CPU
		{13100816-C8A8-4106-B8C7-6929842D31A2}.Debug|Any CPU.Deploy.0 = Debug|Any CPU
		{13100816-C8A8-4106-B8C7-6929842D31A2}.Release|Any CPU.ActiveCfg = Release|Any CPU
		{13100816-C8A8-4106-B8C7-6929842D31A2}.Release|Any CPU.Build.0 = Release|Any CPU
		{13100816-C8A8-4106-B8C7-6929842D31A2}.Release|Any CPU.Deploy.0 = Release|Any CPU
		{851A1A93-9F08-459F-955F-68F7708FBF9B}.Debug|Any CPU.ActiveCfg = Debug|Any CPU
		{851A1A93-9F08-459F-955F-68F7708FBF9B}.Debug|Any CPU.Build.0 = Debug|Any CPU
		{851A1A93-9F08-459F-955F-68F7708FBF9B}.Release|Any CPU.ActiveCfg = Release|Any CPU
		{851A1A93-9F08-459F-955F-68F7708FBF9B}.Release|Any CPU.Build.0 = Release|Any CPU
		{A28763A3-FD26-480A-97E3-CCA5659369CB}.Debug|Any CPU.ActiveCfg = Debug|Any CPU
		{A28763A3-FD26-480A-97E3-CCA5659369CB}.Debug|Any CPU.Build.0 = Debug|Any CPU
		{A28763A3-FD26-480A-97E3-CCA5659369CB}.Debug|Any CPU.Deploy.0 = Debug|Any CPU
		{A28763A3-FD26-480A-97E3-CCA5659369CB}.Release|Any CPU.ActiveCfg = Release|Any CPU
		{A28763A3-FD26-480A-97E3-CCA5659369CB}.Release|Any CPU.Build.0 = Release|Any CPU
		{A28763A3-FD26-480A-97E3-CCA5659369CB}.Release|Any CPU.Deploy.0 = Release|Any CPU
	EndGlobalSection
	GlobalSection(SolutionProperties) = preSolution
		HideSolutionNode = FALSE
	EndGlobalSection
	GlobalSection(ExtensibilityGlobals) = postSolution
		SolutionGuid = {85AA0451-14C0-41C1-84DB-949CAEAE730A}
	EndGlobalSection
EndGlobal
