
Microsoft Visual Studio Solution File, Format Version 12.00
# Visual Studio Version 17
VisualStudioVersion = 17.6.33723.286
MinimumVisualStudioVersion = 10.0.40219.1
Project("{9A19103F-16F7-4668-BE54-9A1E7A4F7556}") = "Meadow.ProjectLab", "..\..\..\..\..\..\Meadow.ProjectLab-main\Meadow.ProjectLab-main\Source\Meadow.ProjectLab\Meadow.ProjectLab.csproj", "{14307E9C-3ED5-4066-BDB2-CDB959868CFD}"
EndProject
Project("{9A19103F-16F7-4668-BE54-9A1E7A4F7556}") = "WiFi_Basics", "WiFiBasics\WiFi_Basics.csproj", "{777EF556-7FC5-4C26-890B-B62DC4687EDB}"
EndProject
Project("{2150E333-8FDC-42A3-9474-1A3956D46DE8}") = "Solution Items", "Solution Items", "{A9640CF7-6296-4844-8667-A06141196BCF}"
	ProjectSection(SolutionItems) = preProject
		README.md = README.md
	EndProjectSection
EndProject
Project("{9A19103F-16F7-4668-BE54-9A1E7A4F7556}") = "SerialPort_Echo", "SerialPort_Echo\SerialPort_Echo.csproj", "{23A50210-DCF1-47C7-8B5D-CE1812CF7BAF}"
EndProject
Project("{9A19103F-16F7-4668-BE54-9A1E7A4F7556}") = "DigitalIO", "DigitalIO\DigitalIO.csproj", "{D937FE81-5541-4EAC-B846-6FBA45C57D9B}"
EndProject
Global
	GlobalSection(SolutionConfigurationPlatforms) = preSolution
		Debug|Any CPU = Debug|Any CPU
		Release|Any CPU = Release|Any CPU
	EndGlobalSection
	GlobalSection(ProjectConfigurationPlatforms) = postSolution
		{14307E9C-3ED5-4066-BDB2-CDB959868CFD}.Debug|Any CPU.ActiveCfg = Debug|Any CPU
		{14307E9C-3ED5-4066-BDB2-CDB959868CFD}.Debug|Any CPU.Build.0 = Debug|Any CPU
		{14307E9C-3ED5-4066-BDB2-CDB959868CFD}.Debug|Any CPU.Deploy.0 = Debug|Any CPU
		{14307E9C-3ED5-4066-BDB2-CDB959868CFD}.Release|Any CPU.ActiveCfg = Release|Any CPU
		{14307E9C-3ED5-4066-BDB2-CDB959868CFD}.Release|Any CPU.Build.0 = Release|Any CPU
		{14307E9C-3ED5-4066-BDB2-CDB959868CFD}.Release|Any CPU.Deploy.0 = Release|Any CPU
		{777EF556-7FC5-4C26-890B-B62DC4687EDB}.Debug|Any CPU.ActiveCfg = Debug|Any CPU
		{777EF556-7FC5-4C26-890B-B62DC4687EDB}.Debug|Any CPU.Build.0 = Debug|Any CPU
		{777EF556-7FC5-4C26-890B-B62DC4687EDB}.Debug|Any CPU.Deploy.0 = Debug|Any CPU
		{777EF556-7FC5-4C26-890B-B62DC4687EDB}.Release|Any CPU.ActiveCfg = Release|Any CPU
		{777EF556-7FC5-4C26-890B-B62DC4687EDB}.Release|Any CPU.Build.0 = Release|Any CPU
		{777EF556-7FC5-4C26-890B-B62DC4687EDB}.Release|Any CPU.Deploy.0 = Release|Any CPU
		{23A50210-DCF1-47C7-8B5D-CE1812CF7BAF}.Debug|Any CPU.ActiveCfg = Debug|Any CPU
		{23A50210-DCF1-47C7-8B5D-CE1812CF7BAF}.Debug|Any CPU.Build.0 = Debug|Any CPU
		{23A50210-DCF1-47C7-8B5D-CE1812CF7BAF}.Debug|Any CPU.Deploy.0 = Debug|Any CPU
		{23A50210-DCF1-47C7-8B5D-CE1812CF7BAF}.Release|Any CPU.ActiveCfg = Release|Any CPU
		{23A50210-DCF1-47C7-8B5D-CE1812CF7BAF}.Release|Any CPU.Build.0 = Release|Any CPU
		{23A50210-DCF1-47C7-8B5D-CE1812CF7BAF}.Release|Any CPU.Deploy.0 = Release|Any CPU
		{D937FE81-5541-4EAC-B846-6FBA45C57D9B}.Debug|Any CPU.ActiveCfg = Debug|Any CPU
		{D937FE81-5541-4EAC-B846-6FBA45C57D9B}.Debug|Any CPU.Build.0 = Debug|Any CPU
		{D937FE81-5541-4EAC-B846-6FBA45C57D9B}.Debug|Any CPU.Deploy.0 = Debug|Any CPU
		{D937FE81-5541-4EAC-B846-6FBA45C57D9B}.Release|Any CPU.ActiveCfg = Release|Any CPU
		{D937FE81-5541-4EAC-B846-6FBA45C57D9B}.Release|Any CPU.Build.0 = Release|Any CPU
		{D937FE81-5541-4EAC-B846-6FBA45C57D9B}.Release|Any CPU.Deploy.0 = Release|Any CPU
	EndGlobalSection
	GlobalSection(SolutionProperties) = preSolution
		HideSolutionNode = FALSE
	EndGlobalSection
	GlobalSection(ExtensibilityGlobals) = postSolution
		SolutionGuid = {85AA0451-14C0-41C1-84DB-949CAEAE730A}
	EndGlobalSection
EndGlobal
